// !$*UTF8*$!
{
	archiveVersion = 1;
	classes = {
	};
	objectVersion = 46;
	objects = {

/* Begin PBXBuildFile section */
		CA05CCDB1EB197F200C56BD9 /* main.m in Sources */ = {isa = PBXBuildFile; fileRef = CA05CCDA1EB197F200C56BD9 /* main.m */; };
		CA05CCDE1EB197F200C56BD9 /* AppDelegate.m in Sources */ = {isa = PBXBuildFile; fileRef = CA05CCDD1EB197F200C56BD9 /* AppDelegate.m */; };
		CA05CCE11EB197F200C56BD9 /* ViewController.m in Sources */ = {isa = PBXBuildFile; fileRef = CA05CCE01EB197F200C56BD9 /* ViewController.m */; };
		CA05CCE41EB197F200C56BD9 /* Main.storyboard in Resources */ = {isa = PBXBuildFile; fileRef = CA05CCE21EB197F200C56BD9 /* Main.storyboard */; };
		CA05CCE61EB197F200C56BD9 /* Assets.xcassets in Resources */ = {isa = PBXBuildFile; fileRef = CA05CCE51EB197F200C56BD9 /* Assets.xcassets */; };
		CA05CCE91EB197F200C56BD9 /* LaunchScreen.storyboard in Resources */ = {isa = PBXBuildFile; fileRef = CA05CCE71EB197F200C56BD9 /* LaunchScreen.storyboard */; };
		CA05CCF41EB197F300C56BD9 /* SQLiteDemoTests.m in Sources */ = {isa = PBXBuildFile; fileRef = CA05CCF31EB197F300C56BD9 /* SQLiteDemoTests.m */; };
		CA05CCFF1EB197F300C56BD9 /* SQLiteDemoUITests.m in Sources */ = {isa = PBXBuildFile; fileRef = CA05CCFE1EB197F300C56BD9 /* SQLiteDemoUITests.m */; };
		CA05CD0E1EB1A00C00C56BD9 /* libsqlite3.0.tbd in Frameworks */ = {isa = PBXBuildFile; fileRef = CA05CD0D1EB1A00C00C56BD9 /* libsqlite3.0.tbd */; };
		CA05CD101EB1A16900C56BD9 /* libsqlite3.dylib in Frameworks */ = {isa = PBXBuildFile; fileRef = CA05CD0F1EB1A16900C56BD9 /* libsqlite3.dylib */; };
/* End PBXBuildFile section */

/* Begin PBXContainerItemProxy section */
		CA05CCF01EB197F300C56BD9 /* PBXContainerItemProxy */ = {
			isa = PBXContainerItemProxy;
			containerPortal = CA05CCCE1EB197F200C56BD9 /* Project object */;
			proxyType = 1;
			remoteGlobalIDString = CA05CCD51EB197F200C56BD9;
			remoteInfo = SQLiteDemo;
		};
		CA05CCFB1EB197F300C56BD9 /* PBXContainerItemProxy */ = {
			isa = PBXContainerItemProxy;
			containerPortal = CA05CCCE1EB197F200C56BD9 /* Project object */;
			proxyType = 1;
			remoteGlobalIDString = CA05CCD51EB197F200C56BD9;
			remoteInfo = SQLiteDemo;
		};
/* End PBXContainerItemProxy section */

/* Begin PBXFileReference section */
		CA05CCD61EB197F200C56BD9 /* SQLiteDemo.app */ = {isa = PBXFileReference; explicitFileType = wrapper.application; includeInIndex = 0; path = SQLiteDemo.app; sourceTree = BUILT_PRODUCTS_DIR; };
		CA05CCDA1EB197F200C56BD9 /* main.m */ = {isa = PBXFileReference; lastKnownFileType = sourcecode.c.objc; path = main.m; sourceTree = "<group>"; };
		CA05CCDC1EB197F200C56BD9 /* AppDelegate.h */ = {isa = PBXFileReference; lastKnownFileType = sourcecode.c.h; path = AppDelegate.h; sourceTree = "<group>"; };
		CA05CCDD1EB197F200C56BD9 /* AppDelegate.m */ = {isa = PBXFileReference; lastKnownFileType = sourcecode.c.objc; path = AppDelegate.m; sourceTree = "<group>"; };
		CA05CCDF1EB197F200C56BD9 /* ViewController.h */ = {isa = PBXFileReference; lastKnownFileType = sourcecode.c.h; path = ViewController.h; sourceTree = "<group>"; };
		CA05CCE01EB197F200C56BD9 /* ViewController.m */ = {isa = PBXFileReference; lastKnownFileType = sourcecode.c.objc; path = ViewController.m; sourceTree = "<group>"; };
		CA05CCE31EB197F200C56BD9 /* Base */ = {isa = PBXFileReference; lastKnownFileType = file.storyboard; name = Base; path = Base.lproj/Main.storyboard; sourceTree = "<group>"; };
		CA05CCE51EB197F200C56BD9 /* Assets.xcassets */ = {isa = PBXFileReference; lastKnownFileType = folder.assetcatalog; path = Assets.xcassets; sourceTree = "<group>"; };
		CA05CCE81EB197F200C56BD9 /* Base */ = {isa = PBXFileReference; lastKnownFileType = file.storyboard; name = Base; path = Base.lproj/LaunchScreen.storyboard; sourceTree = "<group>"; };
		CA05CCEA1EB197F200C56BD9 /* Info.plist */ = {isa = PBXFileReference; lastKnownFileType = text.plist.xml; path = Info.plist; sourceTree = "<group>"; };
		CA05CCEF1EB197F300C56BD9 /* SQLiteDemoTests.xctest */ = {isa = PBXFileReference; explicitFileType = wrapper.cfbundle; includeInIndex = 0; path = SQLiteDemoTests.xctest; sourceTree = BUILT_PRODUCTS_DIR; };
		CA05CCF31EB197F300C56BD9 /* SQLiteDemoTests.m */ = {isa = PBXFileReference; lastKnownFileType = sourcecode.c.objc; path = SQLiteDemoTests.m; sourceTree = "<group>"; };
		CA05CCF51EB197F300C56BD9 /* Info.plist */ = {isa = PBXFileReference; lastKnownFileType = text.plist.xml; path = Info.plist; sourceTree = "<group>"; };
		CA05CCFA1EB197F300C56BD9 /* SQLiteDemoUITests.xctest */ = {isa = PBXFileReference; explicitFileType = wrapper.cfbundle; includeInIndex = 0; path = SQLiteDemoUITests.xctest; sourceTree = BUILT_PRODUCTS_DIR; };
		CA05CCFE1EB197F300C56BD9 /* SQLiteDemoUITests.m */ = {isa = PBXFileReference; lastKnownFileType = sourcecode.c.objc; path = SQLiteDemoUITests.m; sourceTree = "<group>"; };
		CA05CD001EB197F300C56BD9 /* Info.plist */ = {isa = PBXFileReference; lastKnownFileType = text.plist.xml; path = Info.plist; sourceTree = "<group>"; };
		CA05CD0D1EB1A00C00C56BD9 /* libsqlite3.0.tbd */ = {isa = PBXFileReference; lastKnownFileType = "sourcecode.text-based-dylib-definition"; name = libsqlite3.0.tbd; path = usr/lib/libsqlite3.0.tbd; sourceTree = SDKROOT; };
		CA05CD0F1EB1A16900C56BD9 /* libsqlite3.dylib */ = {isa = PBXFileReference; lastKnownFileType = "compiled.mach-o.dylib"; name = libsqlite3.dylib; path = ../../../../usr/lib/libsqlite3.dylib; sourceTree = "<group>"; };
/* End PBXFileReference section */

/* Begin PBXFrameworksBuildPhase section */
		CA05CCD31EB197F200C56BD9 /* Frameworks */ = {
			isa = PBXFrameworksBuildPhase;
			buildActionMask = 2147483647;
			files = (
				CA05CD101EB1A16900C56BD9 /* libsqlite3.dylib in Frameworks */,
				CA05CD0E1EB1A00C00C56BD9 /* libsqlite3.0.tbd in Frameworks */,
			);
			runOnlyForDeploymentPostprocessing = 0;
		};
		CA05CCEC1EB197F300C56BD9 /* Frameworks */ = {
			isa = PBXFrameworksBuildPhase;
			buildActionMask = 2147483647;
			files = (
			);
			runOnlyForDeploymentPostprocessing = 0;
		};
		CA05CCF71EB197F300C56BD9 /* Frameworks */ = {
			isa = PBXFrameworksBuildPhase;
			buildActionMask = 2147483647;
			files = (
			);
			runOnlyForDeploymentPostprocessing = 0;
		};
/* End PBXFrameworksBuildPhase section */

/* Begin PBXGroup section */
		CA05CCCD1EB197F200C56BD9 = {
			isa = PBXGroup;
			children = (
				CA05CCD81EB197F200C56BD9 /* SQLiteDemo */,
				CA05CCF21EB197F300C56BD9 /* SQLiteDemoTests */,
				CA05CCFD1EB197F300C56BD9 /* SQLiteDemoUITests */,
				CA05CCD71EB197F200C56BD9 /* Products */,
				CA05CD0C1EB1A00C00C56BD9 /* Frameworks */,
			);
			sourceTree = "<group>";
		};
		CA05CCD71EB197F200C56BD9 /* Products */ = {
			isa = PBXGroup;
			children = (
				CA05CCD61EB197F200C56BD9 /* SQLiteDemo.app */,
				CA05CCEF1EB197F300C56BD9 /* SQLiteDemoTests.xctest */,
				CA05CCFA1EB197F300C56BD9 /* SQLiteDemoUITests.xctest */,
			);
			name = Products;
			sourceTree = "<group>";
		};
		CA05CCD81EB197F200C56BD9 /* SQLiteDemo */ = {
			isa = PBXGroup;
			children = (
				CA05CCDC1EB197F200C56BD9 /* AppDelegate.h */,
				CA05CCDD1EB197F200C56BD9 /* AppDelegate.m */,
				CA05CCDF1EB197F200C56BD9 /* ViewController.h */,
				CA05CCE01EB197F200C56BD9 /* ViewController.m */,
				CA05CCE21EB197F200C56BD9 /* Main.storyboard */,
				CA05CCE51EB197F200C56BD9 /* Assets.xcassets */,
				CA05CCE71EB197F200C56BD9 /* LaunchScreen.storyboard */,
				CA05CCEA1EB197F200C56BD9 /* Info.plist */,
				CA05CCD91EB197F200C56BD9 /* Supporting Files */,
			);
			path = SQLiteDemo;
			sourceTree = "<group>";
		};
		CA05CCD91EB197F200C56BD9 /* Supporting Files */ = {
			isa = PBXGroup;
			children = (
				CA05CCDA1EB197F200C56BD9 /* main.m */,
			);
			name = "Supporting Files";
			sourceTree = "<group>";
		};
		CA05CCF21EB197F300C56BD9 /* SQLiteDemoTests */ = {
			isa = PBXGroup;
			children = (
				CA05CCF31EB197F300C56BD9 /* SQLiteDemoTests.m */,
				CA05CCF51EB197F300C56BD9 /* Info.plist */,
			);
			path = SQLiteDemoTests;
			sourceTree = "<group>";
		};
		CA05CCFD1EB197F300C56BD9 /* SQLiteDemoUITests */ = {
			isa = PBXGroup;
			children = (
				CA05CCFE1EB197F300C56BD9 /* SQLiteDemoUITests.m */,
				CA05CD001EB197F300C56BD9 /* Info.plist */,
			);
			path = SQLiteDemoUITests;
			sourceTree = "<group>";
		};
		CA05CD0C1EB1A00C00C56BD9 /* Frameworks */ = {
			isa = PBXGroup;
			children = (
				CA05CD0F1EB1A16900C56BD9 /* libsqlite3.dylib */,
				CA05CD0D1EB1A00C00C56BD9 /* libsqlite3.0.tbd */,
			);
			name = Frameworks;
			sourceTree = "<group>";
		};
/* End PBXGroup section */

/* Begin PBXNativeTarget section */
		CA05CCD51EB197F200C56BD9 /* SQLiteDemo */ = {
			isa = PBXNativeTarget;
			buildConfigurationList = CA05CD031EB197F300C56BD9 /* Build configuration list for PBXNativeTarget "SQLiteDemo" */;
			buildPhases = (
				CA05CCD21EB197F200C56BD9 /* Sources */,
				CA05CCD31EB197F200C56BD9 /* Frameworks */,
				CA05CCD41EB197F200C56BD9 /* Resources */,
			);
			buildRules = (
			);
			dependencies = (
			);
			name = SQLiteDemo;
			productName = SQLiteDemo;
			productReference = CA05CCD61EB197F200C56BD9 /* SQLiteDemo.app */;
			productType = "com.apple.product-type.application";
		};
		CA05CCEE1EB197F300C56BD9 /* SQLiteDemoTests */ = {
			isa = PBXNativeTarget;
			buildConfigurationList = CA05CD061EB197F300C56BD9 /* Build configuration list for PBXNativeTarget "SQLiteDemoTests" */;
			buildPhases = (
				CA05CCEB1EB197F300C56BD9 /* Sources */,
				CA05CCEC1EB197F300C56BD9 /* Frameworks */,
				CA05CCED1EB197F300C56BD9 /* Resources */,
			);
			buildRules = (
			);
			dependencies = (
				CA05CCF11EB197F300C56BD9 /* PBXTargetDependency */,
			);
			name = SQLiteDemoTests;
			productName = SQLiteDemoTests;
			productReference = CA05CCEF1EB197F300C56BD9 /* SQLiteDemoTests.xctest */;
			productType = "com.apple.product-type.bundle.unit-test";
		};
		CA05CCF91EB197F300C56BD9 /* SQLiteDemoUITests */ = {
			isa = PBXNativeTarget;
			buildConfigurationList = CA05CD091EB197F300C56BD9 /* Build configuration list for PBXNativeTarget "SQLiteDemoUITests" */;
			buildPhases = (
				CA05CCF61EB197F300C56BD9 /* Sources */,
				CA05CCF71EB197F300C56BD9 /* Frameworks */,
				CA05CCF81EB197F300C56BD9 /* Resources */,
			);
			buildRules = (
			);
			dependencies = (
				CA05CCFC1EB197F300C56BD9 /* PBXTargetDependency */,
			);
			name = SQLiteDemoUITests;
			productName = SQLiteDemoUITests;
			productReference = CA05CCFA1EB197F300C56BD9 /* SQLiteDemoUITests.xctest */;
			productType = "com.apple.product-type.bundle.ui-testing";
		};
/* End PBXNativeTarget section */

/* Begin PBXProject section */
		CA05CCCE1EB197F200C56BD9 /* Project object */ = {
			isa = PBXProject;
			attributes = {
				LastUpgradeCheck = 0830;
				ORGANIZATIONNAME = PFZC;
				TargetAttributes = {
					CA05CCD51EB197F200C56BD9 = {
						CreatedOnToolsVersion = 8.3.2;
						ProvisioningStyle = Automatic;
					};
					CA05CCEE1EB197F300C56BD9 = {
						CreatedOnToolsVersion = 8.3.2;
						ProvisioningStyle = Automatic;
						TestTargetID = CA05CCD51EB197F200C56BD9;
					};
					CA05CCF91EB197F300C56BD9 = {
						CreatedOnToolsVersion = 8.3.2;
						ProvisioningStyle = Automatic;
						TestTargetID = CA05CCD51EB197F200C56BD9;
					};
				};
			};
			buildConfigurationList = CA05CCD11EB197F200C56BD9 /* Build configuration list for PBXProject "SQLiteDemo" */;
			compatibilityVersion = "Xcode 3.2";
			developmentRegion = English;
			hasScannedForEncodings = 0;
			knownRegions = (
				en,
				Base,
			);
			mainGroup = CA05CCCD1EB197F200C56BD9;
			productRefGroup = CA05CCD71EB197F200C56BD9 /* Products */;
			projectDirPath = "";
			projectRoot = "";
			targets = (
				CA05CCD51EB197F200C56BD9 /* SQLiteDemo */,
				CA05CCEE1EB197F300C56BD9 /* SQLiteDemoTests */,
				CA05CCF91EB197F300C56BD9 /* SQLiteDemoUITests */,
			);
		};
/* End PBXProject section */

/* Begin PBXResourcesBuildPhase section */
		CA05CCD41EB197F200C56BD9 /* Resources */ = {
			isa = PBXResourcesBuildPhase;
			buildActionMask = 2147483647;
			files = (
				CA05CCE91EB197F200C56BD9 /* LaunchScreen.storyboard in Resources */,
				CA05CCE61EB197F200C56BD9 /* Assets.xcassets in Resources */,
				CA05CCE41EB197F200C56BD9 /* Main.storyboard in Resources */,
			);
			runOnlyForDeploymentPostprocessing = 0;
		};
		CA05CCED1EB197F300C56BD9 /* Resources */ = {
			isa = PBXResourcesBuildPhase;
			buildActionMask = 2147483647;
			files = (
			);
			runOnlyForDeploymentPostprocessing = 0;
		};
		CA05CCF81EB197F300C56BD9 /* Resources */ = {
			isa = PBXResourcesBuildPhase;
			buildActionMask = 2147483647;
			files = (
			);
			runOnlyForDeploymentPostprocessing = 0;
		};
/* End PBXResourcesBuildPhase section */

/* Begin PBXSourcesBuildPhase section */
		CA05CCD21EB197F200C56BD9 /* Sources */ = {
			isa = PBXSourcesBuildPhase;
			buildActionMask = 2147483647;
			files = (
				CA05CCE11EB197F200C56BD9 /* ViewController.m in Sources */,
				CA05CCDE1EB197F200C56BD9 /* AppDelegate.m in Sources */,
				CA05CCDB1EB197F200C56BD9 /* main.m in Sources */,
			);
			runOnlyForDeploymentPostprocessing = 0;
		};
		CA05CCEB1EB197F300C56BD9 /* Sources */ = {
			isa = PBXSourcesBuildPhase;
			buildActionMask = 2147483647;
			files = (
				CA05CCF41EB197F300C56BD9 /* SQLiteDemoTests.m in Sources */,
			);
			runOnlyForDeploymentPostprocessing = 0;
		};
		CA05CCF61EB197F300C56BD9 /* Sources */ = {
			isa = PBXSourcesBuildPhase;
			buildActionMask = 2147483647;
			files = (
				CA05CCFF1EB197F300C56BD9 /* SQLiteDemoUITests.m in Sources */,
			);
			runOnlyForDeploymentPostprocessing = 0;
		};
/* End PBXSourcesBuildPhase section */

/* Begin PBXTargetDependency section */
		CA05CCF11EB197F300C56BD9 /* PBXTargetDependency */ = {
			isa = PBXTargetDependency;
			target = CA05CCD51EB197F200C56BD9 /* SQLiteDemo */;
			targetProxy = CA05CCF01EB197F300C56BD9 /* PBXContainerItemProxy */;
		};
		CA05CCFC1EB197F300C56BD9 /* PBXTargetDependency */ = {
			isa = PBXTargetDependency;
			target = CA05CCD51EB197F200C56BD9 /* SQLiteDemo */;
			targetProxy = CA05CCFB1EB197F300C56BD9 /* PBXContainerItemProxy */;
		};
/* End PBXTargetDependency section */

/* Begin PBXVariantGroup section */
		CA05CCE21EB197F200C56BD9 /* Main.storyboard */ = {
			isa = PBXVariantGroup;
			children = (
				CA05CCE31EB197F200C56BD9 /* Base */,
			);
			name = Main.storyboard;
			sourceTree = "<group>";
		};
		CA05CCE71EB197F200C56BD9 /* LaunchScreen.storyboard */ = {
			isa = PBXVariantGroup;
			children = (
				CA05CCE81EB197F200C56BD9 /* Base */,
			);
			name = LaunchScreen.storyboard;
			sourceTree = "<group>";
		};
/* End PBXVariantGroup section */

/* Begin XCBuildConfiguration section */
		CA05CD011EB197F300C56BD9 /* Debug */ = {
			isa = XCBuildConfiguration;
			buildSettings = {
				ALWAYS_SEARCH_USER_PATHS = NO;
				CLANG_ANALYZER_NONNULL = YES;
				CLANG_ANALYZER_NUMBER_OBJECT_CONVERSION = YES_AGGRESSIVE;
				CLANG_CXX_LANGUAGE_STANDARD = "gnu++0x";
				CLANG_CXX_LIBRARY = "libc++";
				CLANG_ENABLE_MODULES = YES;
				CLANG_ENABLE_OBJC_ARC = YES;
				CLANG_WARN_BOOL_CONVERSION = YES;
				CLANG_WARN_CONSTANT_CONVERSION = YES;
				CLANG_WARN_DIRECT_OBJC_ISA_USAGE = YES_ERROR;
				CLANG_WARN_DOCUMENTATION_COMMENTS = YES;
				CLANG_WARN_EMPTY_BODY = YES;
				CLANG_WARN_ENUM_CONVERSION = YES;
				CLANG_WARN_INFINITE_RECURSION = YES;
				CLANG_WARN_INT_CONVERSION = YES;
				CLANG_WARN_OBJC_ROOT_CLASS = YES_ERROR;
				CLANG_WARN_SUSPICIOUS_MOVE = YES;
				CLANG_WARN_UNREACHABLE_CODE = YES;
				CLANG_WARN__DUPLICATE_METHOD_MATCH = YES;
				"CODE_SIGN_IDENTITY[sdk=iphoneos*]" = "iPhone Developer";
				COPY_PHASE_STRIP = NO;
				DEBUG_INFORMATION_FORMAT = dwarf;
				ENABLE_STRICT_OBJC_MSGSEND = YES;
				ENABLE_TESTABILITY = YES;
				GCC_C_LANGUAGE_STANDARD = gnu99;
				GCC_DYNAMIC_NO_PIC = NO;
				GCC_NO_COMMON_BLOCKS = YES;
				GCC_OPTIMIZATION_LEVEL = 0;
				GCC_PREPROCESSOR_DEFINITIONS = (
					"DEBUG=1",
					"$(inherited)",
				);
				GCC_WARN_64_TO_32_BIT_CONVERSION = YES;
				GCC_WARN_ABOUT_RETURN_TYPE = YES_ERROR;
				GCC_WARN_UNDECLARED_SELECTOR = YES;
				GCC_WARN_UNINITIALIZED_AUTOS = YES_AGGRESSIVE;
				GCC_WARN_UNUSED_FUNCTION = YES;
				GCC_WARN_UNUSED_VARIABLE = YES;
				IPHONEOS_DEPLOYMENT_TARGET = 10.3;
				MTL_ENABLE_DEBUG_INFO = YES;
				ONLY_ACTIVE_ARCH = YES;
				SDKROOT = iphoneos;
			};
			name = Debug;
		};
		CA05CD021EB197F300C56BD9 /* Release */ = {
			isa = XCBuildConfiguration;
			buildSettings = {
				ALWAYS_SEARCH_USER_PATHS = NO;
				CLANG_ANALYZER_NONNULL = YES;
				CLANG_ANALYZER_NUMBER_OBJECT_CONVERSION = YES_AGGRESSIVE;
				CLANG_CXX_LANGUAGE_STANDARD = "gnu++0x";
				CLANG_CXX_LIBRARY = "libc++";
				CLANG_ENABLE_MODULES = YES;
				CLANG_ENABLE_OBJC_ARC = YES;
				CLANG_WARN_BOOL_CONVERSION = YES;
				CLANG_WARN_CONSTANT_CONVERSION = YES;
				CLANG_WARN_DIRECT_OBJC_ISA_USAGE = YES_ERROR;
				CLANG_WARN_DOCUMENTATION_COMMENTS = YES;
				CLANG_WARN_EMPTY_BODY = YES;
				CLANG_WARN_ENUM_CONVERSION = YES;
				CLANG_WARN_INFINITE_RECURSION = YES;
				CLANG_WARN_INT_CONVERSION = YES;
				CLANG_WARN_OBJC_ROOT_CLASS = YES_ERROR;
				CLANG_WARN_SUSPICIOUS_MOVE = YES;
				CLANG_WARN_UNREACHABLE_CODE = YES;
				CLANG_WARN__DUPLICATE_METHOD_MATCH = YES;
				"CODE_SIGN_IDENTITY[sdk=iphoneos*]" = "iPhone Developer";
				COPY_PHASE_STRIP = NO;
				DEBUG_INFORMATION_FORMAT = "dwarf-with-dsym";
				ENABLE_NS_ASSERTIONS = NO;
				ENABLE_STRICT_OBJC_MSGSEND = YES;
				GCC_C_LANGUAGE_STANDARD = gnu99;
				GCC_NO_COMMON_BLOCKS = YES;
				GCC_WARN_64_TO_32_BIT_CONVERSION = YES;
				GCC_WARN_ABOUT_RETURN_TYPE = YES_ERROR;
				GCC_WARN_UNDECLARED_SELECTOR = YES;
				GCC_WARN_UNINITIALIZED_AUTOS = YES_AGGRESSIVE;
				GCC_WARN_UNUSED_FUNCTION = YES;
				GCC_WARN_UNUSED_VARIABLE = YES;
				IPHONEOS_DEPLOYMENT_TARGET = 10.3;
				MTL_ENABLE_DEBUG_INFO = NO;
				SDKROOT = iphoneos;
				VALIDATE_PRODUCT = YES;
			};
			name = Release;
		};
		CA05CD041EB197F300C56BD9 /* Debug */ = {
			isa = XCBuildConfiguration;
			buildSettings = {
				ASSETCATALOG_COMPILER_APPICON_NAME = AppIcon;
				INFOPLIST_FILE = SQLiteDemo/Info.plist;
				LD_RUNPATH_SEARCH_PATHS = "$(inherited) @executable_path/Frameworks";
				OTHER_LDFLAGS = "-lsqlite3.0";
				PRODUCT_BUNDLE_IDENTIFIER = com.sy.Single.SQLiteDemo;
				PRODUCT_NAME = "$(TARGET_NAME)";
			};
			name = Debug;
		};
		CA05CD051EB197F300C56BD9 /* Release */ = {
			isa = XCBuildConfiguration;
			buildSettings = {
				ASSETCATALOG_COMPILER_APPICON_NAME = AppIcon;
				INFOPLIST_FILE = SQLiteDemo/Info.plist;
				LD_RUNPATH_SEARCH_PATHS = "$(inherited) @executable_path/Frameworks";
				OTHER_LDFLAGS = "-lsqlite3.0";
				PRODUCT_BUNDLE_IDENTIFIER = com.sy.Single.SQLiteDemo;
				PRODUCT_NAME = "$(TARGET_NAME)";
			};
			name = Release;
		};
		CA05CD071EB197F300C56BD9 /* Debug */ = {
			isa = XCBuildConfiguration;
			buildSettings = {
				BUNDLE_LOADER = "$(TEST_HOST)";
				INFOPLIST_FILE = SQLiteDemoTests/Info.plist;
				LD_RUNPATH_SEARCH_PATHS = "$(inherited) @executable_path/Frameworks @loader_path/Frameworks";
				PRODUCT_BUNDLE_IDENTIFIER = com.sy.Single.SQLiteDemoTests;
				PRODUCT_NAME = "$(TARGET_NAME)";
				TEST_HOST = "$(BUILT_PRODUCTS_DIR)/SQLiteDemo.app/SQLiteDemo";
			};
			name = Debug;
		};
		CA05CD081EB197F300C56BD9 /* Release */ = {
			isa = XCBuildConfiguration;
			buildSettings = {
				BUNDLE_LOADER = "$(TEST_HOST)";
				INFOPLIST_FILE = SQLiteDemoTests/Info.plist;
				LD_RUNPATH_SEARCH_PATHS = "$(inherited) @executable_path/Frameworks @loader_path/Frameworks";
				PRODUCT_BUNDLE_IDENTIFIER = com.sy.Single.SQLiteDemoTests;
				PRODUCT_NAME = "$(TARGET_NAME)";
				TEST_HOST = "$(BUILT_PRODUCTS_DIR)/SQLiteDemo.app/SQLiteDemo";
			};
			name = Release;
		};
		CA05CD0A1EB197F300C56BD9 /* Debug */ = {
			isa = XCBuildConfiguration;
			buildSettings = {
				INFOPLIST_FILE = SQLiteDemoUITests/Info.plist;
				LD_RUNPATH_SEARCH_PATHS = "$(inherited) @executable_path/Frameworks @loader_path/Frameworks";
				PRODUCT_BUNDLE_IDENTIFIER = com.sy.Single.SQLiteDemoUITests;
				PRODUCT_NAME = "$(TARGET_NAME)";
				TEST_TARGET_NAME = SQLiteDemo;
			};
			name = Debug;
		};
		CA05CD0B1EB197F300C56BD9 /* Release */ = {
			isa = XCBuildConfiguration;
			buildSettings = {
				INFOPLIST_FILE = SQLiteDemoUITests/Info.plist;
				LD_RUNPATH_SEARCH_PATHS = "$(inherited) @executable_path/Frameworks @loader_path/Frameworks";
				PRODUCT_BUNDLE_IDENTIFIER = com.sy.Single.SQLiteDemoUITests;
				PRODUCT_NAME = "$(TARGET_NAME)";
				TEST_TARGET_NAME = SQLiteDemo;
			};
			name = Release;
		};
/* End XCBuildConfiguration section */

/* Begin XCConfigurationList section */
		CA05CCD11EB197F200C56BD9 /* Build configuration list for PBXProject "SQLiteDemo" */ = {
			isa = XCConfigurationList;
			buildConfigurations = (
				CA05CD011EB197F300C56BD9 /* Debug */,
				CA05CD021EB197F300C56BD9 /* Release */,
			);
			defaultConfigurationIsVisible = 0;
			defaultConfigurationName = Release;
		};
		CA05CD031EB197F300C56BD9 /* Build configuration list for PBXNativeTarget "SQLiteDemo" */ = {
			isa = XCConfigurationList;
			buildConfigurations = (
				CA05CD041EB197F300C56BD9 /* Debug */,
				CA05CD051EB197F300C56BD9 /* Release */,
			);
			defaultConfigurationIsVisible = 0;
			defaultConfigurationName = Release;
		};
		CA05CD061EB197F300C56BD9 /* Build configuration list for PBXNativeTarget "SQLiteDemoTests" */ = {
			isa = XCConfigurationList;
			buildConfigurations = (
				CA05CD071EB197F300C56BD9 /* Debug */,
				CA05CD081EB197F300C56BD9 /* Release */,
			);
			defaultConfigurationIsVisible = 0;
			defaultConfigurationName = Release;
		};
		CA05CD091EB197F300C56BD9 /* Build configuration list for PBXNativeTarget "SQLiteDemoUITests" */ = {
			isa = XCConfigurationList;
			buildConfigurations = (
				CA05CD0A1EB197F300C56BD9 /* Debug */,
				CA05CD0B1EB197F300C56BD9 /* Release */,
			);
			defaultConfigurationIsVisible = 0;
			defaultConfigurationName = Release;
		};
/* End XCConfigurationList section */
	};
	rootObject = CA05CCCE1EB197F200C56BD9 /* Project object */;
}
